// !$*UTF8*$!
{
	archiveVersion = 1;
	classes = {
	};
	objectVersion = 46;
	objects = {

/* Begin PBXBuildFile section */
		5ABDAC6D196187D600AFF6C9 /* Foundation.framework in Frameworks */ = {isa = PBXBuildFile; fileRef = 5ABDAC6C196187D600AFF6C9 /* Foundation.framework */; };
		5ABDAC6F196187D600AFF6C9 /* CoreGraphics.framework in Frameworks */ = {isa = PBXBuildFile; fileRef = 5ABDAC6E196187D600AFF6C9 /* CoreGraphics.framework */; };
		5ABDAC71196187D700AFF6C9 /* UIKit.framework in Frameworks */ = {isa = PBXBuildFile; fileRef = 5ABDAC70196187D700AFF6C9 /* UIKit.framework */; };
		5ABDAC77196187D700AFF6C9 /* InfoPlist.strings in Resources */ = {isa = PBXBuildFile; fileRef = 5ABDAC75196187D700AFF6C9 /* InfoPlist.strings */; };
		5ABDAC79196187D700AFF6C9 /* main.m in Sources */ = {isa = PBXBuildFile; fileRef = 5ABDAC78196187D700AFF6C9 /* main.m */; };
		5ABDAC7D196187D700AFF6C9 /* AppDelegate.m in Sources */ = {isa = PBXBuildFile; fileRef = 5ABDAC7C196187D700AFF6C9 /* AppDelegate.m */; settings = {COMPILER_FLAGS = "-fno-objc-arc"; }; };
		5ABDAC85196187D700AFF6C9 /* Images.xcassets in Resources */ = {isa = PBXBuildFile; fileRef = 5ABDAC84196187D700AFF6C9 /* Images.xcassets */; };
		5ABDAC8C196187D700AFF6C9 /* XCTest.framework in Frameworks */ = {isa = PBXBuildFile; fileRef = 5ABDAC8B196187D700AFF6C9 /* XCTest.framework */; };
		5ABDAC8D196187D700AFF6C9 /* Foundation.framework in Frameworks */ = {isa = PBXBuildFile; fileRef = 5ABDAC6C196187D600AFF6C9 /* Foundation.framework */; };
		5ABDAC8E196187D700AFF6C9 /* UIKit.framework in Frameworks */ = {isa = PBXBuildFile; fileRef = 5ABDAC70196187D700AFF6C9 /* UIKit.framework */; };
		5ABDAC96196187D700AFF6C9 /* InfoPlist.strings in Resources */ = {isa = PBXBuildFile; fileRef = 5ABDAC94196187D700AFF6C9 /* InfoPlist.strings */; };
		5ABDAC98196187D700AFF6C9 /* OnemindTests.m in Sources */ = {isa = PBXBuildFile; fileRef = 5ABDAC97196187D700AFF6C9 /* OnemindTests.m */; };
		5ABDACA219618D6800AFF6C9 /* QuartzCore.framework in Frameworks */ = {isa = PBXBuildFile; fileRef = 5ABDACA119618D6800AFF6C9 /* QuartzCore.framework */; };
		5ABDACB319618DAC00AFF6C9 /* BezierCurve.m in Sources */ = {isa = PBXBuildFile; fileRef = 5ABDACA519618DAC00AFF6C9 /* BezierCurve.m */; settings = {COMPILER_FLAGS = "-fno-objc-arc"; }; };
		5ABDACB419618DAC00AFF6C9 /* CatmullRomSpline.m in Sources */ = {isa = PBXBuildFile; fileRef = 5ABDACA719618DAC00AFF6C9 /* CatmullRomSpline.m */; settings = {COMPILER_FLAGS = "-fno-objc-arc"; }; };
		5ABDACB519618DAC00AFF6C9 /* CubicBezierCurve.m in Sources */ = {isa = PBXBuildFile; fileRef = 5ABDACAA19618DAC00AFF6C9 /* CubicBezierCurve.m */; settings = {COMPILER_FLAGS = "-fno-objc-arc"; }; };
		5ABDACB619618DAC00AFF6C9 /* LinearBezierCurve.m in Sources */ = {isa = PBXBuildFile; fileRef = 5ABDACAC19618DAC00AFF6C9 /* LinearBezierCurve.m */; settings = {COMPILER_FLAGS = "-fno-objc-arc"; }; };
		5ABDACB719618DAC00AFF6C9 /* NSArray_PointArray.m in Sources */ = {isa = PBXBuildFile; fileRef = 5ABDACAE19618DAC00AFF6C9 /* NSArray_PointArray.m */; settings = {COMPILER_FLAGS = "-fno-objc-arc"; }; };
		5ABDACB819618DAC00AFF6C9 /* QuadraticBezierCurve.m in Sources */ = {isa = PBXBuildFile; fileRef = 5ABDACB019618DAC00AFF6C9 /* QuadraticBezierCurve.m */; settings = {COMPILER_FLAGS = "-fno-objc-arc"; }; };
		5ABDACB919618DAC00AFF6C9 /* Spline.m in Sources */ = {isa = PBXBuildFile; fileRef = 5ABDACB219618DAC00AFF6C9 /* Spline.m */; settings = {COMPILER_FLAGS = "-fno-objc-arc"; }; };
		5ABDACBD19618E0C00AFF6C9 /* GrawViewController.m in Sources */ = {isa = PBXBuildFile; fileRef = 5ABDACBB19618E0C00AFF6C9 /* GrawViewController.m */; };
		5ABDACBE19618E0C00AFF6C9 /* GrawViewController.xib in Resources */ = {isa = PBXBuildFile; fileRef = 5ABDACBC19618E0C00AFF6C9 /* GrawViewController.xib */; };
		5ABDACC019618ECE00AFF6C9 /* MainWindow.xib in Resources */ = {isa = PBXBuildFile; fileRef = 5ABDACBF19618ECE00AFF6C9 /* MainWindow.xib */; };
		5ABDACC3196190B000AFF6C9 /* SmoothLineView.m in Sources */ = {isa = PBXBuildFile; fileRef = 5ABDACC2196190B000AFF6C9 /* SmoothLineView.m */; settings = {COMPILER_FLAGS = "-fno-objc-arc"; }; };
/* End PBXBuildFile section */

/* Begin PBXContainerItemProxy section */
		5ABDAC8F196187D700AFF6C9 /* PBXContainerItemProxy */ = {
			isa = PBXContainerItemProxy;
			containerPortal = 5ABDAC61196187D600AFF6C9 /* Project object */;
			proxyType = 1;
			remoteGlobalIDString = 5ABDAC68196187D600AFF6C9;
			remoteInfo = Onemind;
		};
/* End PBXContainerItemProxy section */

/* Begin PBXFileReference section */
		5ABDAC69196187D600AFF6C9 /* Onemind.app */ = {isa = PBXFileReference; explicitFileType = wrapper.application; includeInIndex = 0; path = Onemind.app; sourceTree = BUILT_PRODUCTS_DIR; };
		5ABDAC6C196187D600AFF6C9 /* Foundation.framework */ = {isa = PBXFileReference; lastKnownFileType = wrapper.framework; name = Foundation.framework; path = System/Library/Frameworks/Foundation.framework; sourceTree = SDKROOT; };
		5ABDAC6E196187D600AFF6C9 /* CoreGraphics.framework */ = {isa = PBXFileReference; lastKnownFileType = wrapper.framework; name = CoreGraphics.framework; path = System/Library/Frameworks/CoreGraphics.framework; sourceTree = SDKROOT; };
		5ABDAC70196187D700AFF6C9 /* UIKit.framework */ = {isa = PBXFileReference; lastKnownFileType = wrapper.framework; name = UIKit.framework; path = System/Library/Frameworks/UIKit.framework; sourceTree = SDKROOT; };
		5ABDAC74196187D700AFF6C9 /* Onemind-Info.plist */ = {isa = PBXFileReference; lastKnownFileType = text.plist.xml; path = "Onemind-Info.plist"; sourceTree = "<group>"; };
		5ABDAC76196187D700AFF6C9 /* en */ = {isa = PBXFileReference; lastKnownFileType = text.plist.strings; name = en; path = en.lproj/InfoPlist.strings; sourceTree = "<group>"; };
		5ABDAC78196187D700AFF6C9 /* main.m */ = {isa = PBXFileReference; lastKnownFileType = sourcecode.c.objc; path = main.m; sourceTree = "<group>"; };
		5ABDAC7A196187D700AFF6C9 /* Onemind-Prefix.pch */ = {isa = PBXFileReference; lastKnownFileType = sourcecode.c.h; path = "Onemind-Prefix.pch"; sourceTree = "<group>"; };
		5ABDAC7B196187D700AFF6C9 /* AppDelegate.h */ = {isa = PBXFileReference; lastKnownFileType = sourcecode.c.h; path = AppDelegate.h; sourceTree = "<group>"; };
		5ABDAC7C196187D700AFF6C9 /* AppDelegate.m */ = {isa = PBXFileReference; lastKnownFileType = sourcecode.c.objc; path = AppDelegate.m; sourceTree = "<group>"; };
		5ABDAC84196187D700AFF6C9 /* Images.xcassets */ = {isa = PBXFileReference; lastKnownFileType = folder.assetcatalog; path = Images.xcassets; sourceTree = "<group>"; };
		5ABDAC8A196187D700AFF6C9 /* OnemindTests.xctest */ = {isa = PBXFileReference; explicitFileType = wrapper.cfbundle; includeInIndex = 0; path = OnemindTests.xctest; sourceTree = BUILT_PRODUCTS_DIR; };
		5ABDAC8B196187D700AFF6C9 /* XCTest.framework */ = {isa = PBXFileReference; lastKnownFileType = wrapper.framework; name = XCTest.framework; path = Library/Frameworks/XCTest.framework; sourceTree = DEVELOPER_DIR; };
		5ABDAC93196187D700AFF6C9 /* OnemindTests-Info.plist */ = {isa = PBXFileReference; lastKnownFileType = text.plist.xml; path = "OnemindTests-Info.plist"; sourceTree = "<group>"; };
		5ABDAC95196187D700AFF6C9 /* en */ = {isa = PBXFileReference; lastKnownFileType = text.plist.strings; name = en; path = en.lproj/InfoPlist.strings; sourceTree = "<group>"; };
		5ABDAC97196187D700AFF6C9 /* OnemindTests.m */ = {isa = PBXFileReference; lastKnownFileType = sourcecode.c.objc; path = OnemindTests.m; sourceTree = "<group>"; };
		5ABDACA119618D6800AFF6C9 /* QuartzCore.framework */ = {isa = PBXFileReference; lastKnownFileType = wrapper.framework; name = QuartzCore.framework; path = System/Library/Frameworks/QuartzCore.framework; sourceTree = SDKROOT; };
		5ABDACA419618DAC00AFF6C9 /* BezierCurve.h */ = {isa = PBXFileReference; fileEncoding = 4; lastKnownFileType = sourcecode.c.h; path = BezierCurve.h; sourceTree = "<group>"; };
		5ABDACA519618DAC00AFF6C9 /* BezierCurve.m */ = {isa = PBXFileReference; fileEncoding = 4; lastKnownFileType = sourcecode.c.objc; path = BezierCurve.m; sourceTree = "<group>"; };
		5ABDACA619618DAC00AFF6C9 /* CatmullRomSpline.h */ = {isa = PBXFileReference; fileEncoding = 4; lastKnownFileType = sourcecode.c.h; path = CatmullRomSpline.h; sourceTree = "<group>"; };
		5ABDACA719618DAC00AFF6C9 /* CatmullRomSpline.m */ = {isa = PBXFileReference; fileEncoding = 4; lastKnownFileType = sourcecode.c.objc; path = CatmullRomSpline.m; sourceTree = "<group>"; };
		5ABDACA819618DAC00AFF6C9 /* CGPointArithmetic.h */ = {isa = PBXFileReference; fileEncoding = 4; lastKnownFileType = sourcecode.c.h; path = CGPointArithmetic.h; sourceTree = "<group>"; };
		5ABDACA919618DAC00AFF6C9 /* CubicBezierCurve.h */ = {isa = PBXFileReference; fileEncoding = 4; lastKnownFileType = sourcecode.c.h; path = CubicBezierCurve.h; sourceTree = "<group>"; };
		5ABDACAA19618DAC00AFF6C9 /* CubicBezierCurve.m */ = {isa = PBXFileReference; fileEncoding = 4; lastKnownFileType = sourcecode.c.objc; path = CubicBezierCurve.m; sourceTree = "<group>"; };
		5ABDACAB19618DAC00AFF6C9 /* LinearBezierCurve.h */ = {isa = PBXFileReference; fileEncoding = 4; lastKnownFileType = sourcecode.c.h; path = LinearBezierCurve.h; sourceTree = "<group>"; };
		5ABDACAC19618DAC00AFF6C9 /* LinearBezierCurve.m */ = {isa = PBXFileReference; fileEncoding = 4; lastKnownFileType = sourcecode.c.objc; path = LinearBezierCurve.m; sourceTree = "<group>"; };
		5ABDACAD19618DAC00AFF6C9 /* NSArray_PointArray.h */ = {isa = PBXFileReference; fileEncoding = 4; lastKnownFileType = sourcecode.c.h; path = NSArray_PointArray.h; sourceTree = "<group>"; };
		5ABDACAE19618DAC00AFF6C9 /* NSArray_PointArray.m */ = {isa = PBXFileReference; fileEncoding = 4; lastKnownFileType = sourcecode.c.objc; path = NSArray_PointArray.m; sourceTree = "<group>"; };
		5ABDACAF19618DAC00AFF6C9 /* QuadraticBezierCurve.h */ = {isa = PBXFileReference; fileEncoding = 4; lastKnownFileType = sourcecode.c.h; path = QuadraticBezierCurve.h; sourceTree = "<group>"; };
		5ABDACB019618DAC00AFF6C9 /* QuadraticBezierCurve.m */ = {isa = PBXFileReference; fileEncoding = 4; lastKnownFileType = sourcecode.c.objc; path = QuadraticBezierCurve.m; sourceTree = "<group>"; };
		5ABDACB119618DAC00AFF6C9 /* Spline.h */ = {isa = PBXFileReference; fileEncoding = 4; lastKnownFileType = sourcecode.c.h; path = Spline.h; sourceTree = "<group>"; };
		5ABDACB219618DAC00AFF6C9 /* Spline.m */ = {isa = PBXFileReference; fileEncoding = 4; lastKnownFileType = sourcecode.c.objc; path = Spline.m; sourceTree = "<group>"; };
		5ABDACBA19618E0C00AFF6C9 /* GrawViewController.h */ = {isa = PBXFileReference; fileEncoding = 4; lastKnownFileType = sourcecode.c.h; path = GrawViewController.h; sourceTree = "<group>"; };
		5ABDACBB19618E0C00AFF6C9 /* GrawViewController.m */ = {isa = PBXFileReference; fileEncoding = 4; lastKnownFileType = sourcecode.c.objc; path = GrawViewController.m; sourceTree = "<group>"; };
		5ABDACBC19618E0C00AFF6C9 /* GrawViewController.xib */ = {isa = PBXFileReference; fileEncoding = 4; lastKnownFileType = file.xib; path = GrawViewController.xib; sourceTree = "<group>"; };
		5ABDACBF19618ECE00AFF6C9 /* MainWindow.xib */ = {isa = PBXFileReference; fileEncoding = 4; lastKnownFileType = file.xib; path = MainWindow.xib; sourceTree = "<group>"; };
		5ABDACC1196190B000AFF6C9 /* SmoothLineView.h */ = {isa = PBXFileReference; fileEncoding = 4; lastKnownFileType = sourcecode.c.h; path = SmoothLineView.h; sourceTree = "<group>"; };
		5ABDACC2196190B000AFF6C9 /* SmoothLineView.m */ = {isa = PBXFileReference; fileEncoding = 4; lastKnownFileType = sourcecode.c.objc; path = SmoothLineView.m; sourceTree = "<group>"; };
/* End PBXFileReference section */

/* Begin PBXFrameworksBuildPhase section */
		5ABDAC66196187D600AFF6C9 /* Frameworks */ = {
			isa = PBXFrameworksBuildPhase;
			buildActionMask = 2147483647;
			files = (
				5ABDACA219618D6800AFF6C9 /* QuartzCore.framework in Frameworks */,
				5ABDAC6F196187D600AFF6C9 /* CoreGraphics.framework in Frameworks */,
				5ABDAC71196187D700AFF6C9 /* UIKit.framework in Frameworks */,
				5ABDAC6D196187D600AFF6C9 /* Foundation.framework in Frameworks */,
			);
			runOnlyForDeploymentPostprocessing = 0;
		};
		5ABDAC87196187D700AFF6C9 /* Frameworks */ = {
			isa = PBXFrameworksBuildPhase;
			buildActionMask = 2147483647;
			files = (
				5ABDAC8C196187D700AFF6C9 /* XCTest.framework in Frameworks */,
				5ABDAC8E196187D700AFF6C9 /* UIKit.framework in Frameworks */,
				5ABDAC8D196187D700AFF6C9 /* Foundation.framework in Frameworks */,
			);
			runOnlyForDeploymentPostprocessing = 0;
		};
/* End PBXFrameworksBuildPhase section */

/* Begin PBXGroup section */
		5ABDAC60196187D600AFF6C9 = {
			isa = PBXGroup;
			children = (
				5ABDAC72196187D700AFF6C9 /* Onemind */,
				5ABDAC91196187D700AFF6C9 /* OnemindTests */,
				5ABDAC6B196187D600AFF6C9 /* Frameworks */,
				5ABDAC6A196187D600AFF6C9 /* Products */,
			);
			sourceTree = "<group>";
		};
		5ABDAC6A196187D600AFF6C9 /* Products */ = {
			isa = PBXGroup;
			children = (
				5ABDAC69196187D600AFF6C9 /* Onemind.app */,
				5ABDAC8A196187D700AFF6C9 /* OnemindTests.xctest */,
			);
			name = Products;
			sourceTree = "<group>";
		};
		5ABDAC6B196187D600AFF6C9 /* Frameworks */ = {
			isa = PBXGroup;
			children = (
				5ABDACA319618DAC00AFF6C9 /* spline */,
				5ABDACA119618D6800AFF6C9 /* QuartzCore.framework */,
				5ABDAC6C196187D600AFF6C9 /* Foundation.framework */,
				5ABDAC6E196187D600AFF6C9 /* CoreGraphics.framework */,
				5ABDAC70196187D700AFF6C9 /* UIKit.framework */,
				5ABDAC8B196187D700AFF6C9 /* XCTest.framework */,
			);
			name = Frameworks;
			sourceTree = "<group>";
		};
		5ABDAC72196187D700AFF6C9 /* Onemind */ = {
			isa = PBXGroup;
			children = (
				5ABDAC7B196187D700AFF6C9 /* AppDelegate.h */,
				5ABDAC7C196187D700AFF6C9 /* AppDelegate.m */,
				5ABDACBF19618ECE00AFF6C9 /* MainWindow.xib */,
				5ABDACBA19618E0C00AFF6C9 /* GrawViewController.h */,
				5ABDACBB19618E0C00AFF6C9 /* GrawViewController.m */,
				5ABDACBC19618E0C00AFF6C9 /* GrawViewController.xib */,
				5ABDACC1196190B000AFF6C9 /* SmoothLineView.h */,
				5ABDACC2196190B000AFF6C9 /* SmoothLineView.m */,
				5ABDAC84196187D700AFF6C9 /* Images.xcassets */,
				5ABDAC73196187D700AFF6C9 /* Supporting Files */,
			);
			path = Onemind;
			sourceTree = "<group>";
		};
		5ABDAC73196187D700AFF6C9 /* Supporting Files */ = {
			isa = PBXGroup;
			children = (
				5ABDAC74196187D700AFF6C9 /* Onemind-Info.plist */,
				5ABDAC75196187D700AFF6C9 /* InfoPlist.strings */,
				5ABDAC78196187D700AFF6C9 /* main.m */,
				5ABDAC7A196187D700AFF6C9 /* Onemind-Prefix.pch */,
			);
			name = "Supporting Files";
			sourceTree = "<group>";
		};
		5ABDAC91196187D700AFF6C9 /* OnemindTests */ = {
			isa = PBXGroup;
			children = (
				5ABDAC97196187D700AFF6C9 /* OnemindTests.m */,
				5ABDAC92196187D700AFF6C9 /* Supporting Files */,
			);
			path = OnemindTests;
			sourceTree = "<group>";
		};
		5ABDAC92196187D700AFF6C9 /* Supporting Files */ = {
			isa = PBXGroup;
			children = (
				5ABDAC93196187D700AFF6C9 /* OnemindTests-Info.plist */,
				5ABDAC94196187D700AFF6C9 /* InfoPlist.strings */,
			);
			name = "Supporting Files";
			sourceTree = "<group>";
		};
		5ABDACA319618DAC00AFF6C9 /* spline */ = {
			isa = PBXGroup;
			children = (
				5ABDACA419618DAC00AFF6C9 /* BezierCurve.h */,
				5ABDACA519618DAC00AFF6C9 /* BezierCurve.m */,
				5ABDACA619618DAC00AFF6C9 /* CatmullRomSpline.h */,
				5ABDACA719618DAC00AFF6C9 /* CatmullRomSpline.m */,
				5ABDACA819618DAC00AFF6C9 /* CGPointArithmetic.h */,
				5ABDACA919618DAC00AFF6C9 /* CubicBezierCurve.h */,
				5ABDACAA19618DAC00AFF6C9 /* CubicBezierCurve.m */,
				5ABDACAB19618DAC00AFF6C9 /* LinearBezierCurve.h */,
				5ABDACAC19618DAC00AFF6C9 /* LinearBezierCurve.m */,
				5ABDACAD19618DAC00AFF6C9 /* NSArray_PointArray.h */,
				5ABDACAE19618DAC00AFF6C9 /* NSArray_PointArray.m */,
				5ABDACAF19618DAC00AFF6C9 /* QuadraticBezierCurve.h */,
				5ABDACB019618DAC00AFF6C9 /* QuadraticBezierCurve.m */,
				5ABDACB119618DAC00AFF6C9 /* Spline.h */,
				5ABDACB219618DAC00AFF6C9 /* Spline.m */,
			);
			path = spline;
			sourceTree = "<group>";
		};
/* End PBXGroup section */

/* Begin PBXNativeTarget section */
		5ABDAC68196187D600AFF6C9 /* Onemind */ = {
			isa = PBXNativeTarget;
			buildConfigurationList = 5ABDAC9B196187D700AFF6C9 /* Build configuration list for PBXNativeTarget "Onemind" */;
			buildPhases = (
				5ABDAC65196187D600AFF6C9 /* Sources */,
				5ABDAC66196187D600AFF6C9 /* Frameworks */,
				5ABDAC67196187D600AFF6C9 /* Resources */,
			);
			buildRules = (
			);
			dependencies = (
			);
			name = Onemind;
			productName = Onemind;
			productReference = 5ABDAC69196187D600AFF6C9 /* Onemind.app */;
			productType = "com.apple.product-type.application";
		};
		5ABDAC89196187D700AFF6C9 /* OnemindTests */ = {
			isa = PBXNativeTarget;
			buildConfigurationList = 5ABDAC9E196187D700AFF6C9 /* Build configuration list for PBXNativeTarget "OnemindTests" */;
			buildPhases = (
				5ABDAC86196187D700AFF6C9 /* Sources */,
				5ABDAC87196187D700AFF6C9 /* Frameworks */,
				5ABDAC88196187D700AFF6C9 /* Resources */,
			);
			buildRules = (
			);
			dependencies = (
				5ABDAC90196187D700AFF6C9 /* PBXTargetDependency */,
			);
			name = OnemindTests;
			productName = OnemindTests;
			productReference = 5ABDAC8A196187D700AFF6C9 /* OnemindTests.xctest */;
			productType = "com.apple.product-type.bundle.unit-test";
		};
/* End PBXNativeTarget section */

/* Begin PBXProject section */
		5ABDAC61196187D600AFF6C9 /* Project object */ = {
			isa = PBXProject;
			attributes = {
				LastUpgradeCheck = 0510;
				ORGANIZATIONNAME = LipingYin;
				TargetAttributes = {
					5ABDAC89196187D700AFF6C9 = {
						TestTargetID = 5ABDAC68196187D600AFF6C9;
					};
				};
			};
			buildConfigurationList = 5ABDAC64196187D600AFF6C9 /* Build configuration list for PBXProject "Onemind" */;
			compatibilityVersion = "Xcode 3.2";
			developmentRegion = English;
			hasScannedForEncodings = 0;
			knownRegions = (
				en,
				Base,
			);
			mainGroup = 5ABDAC60196187D600AFF6C9;
			productRefGroup = 5ABDAC6A196187D600AFF6C9 /* Products */;
			projectDirPath = "";
			projectRoot = "";
			targets = (
				5ABDAC68196187D600AFF6C9 /* Onemind */,
				5ABDAC89196187D700AFF6C9 /* OnemindTests */,
			);
		};
/* End PBXProject section */

/* Begin PBXResourcesBuildPhase section */
		5ABDAC67196187D600AFF6C9 /* Resources */ = {
			isa = PBXResourcesBuildPhase;
			buildActionMask = 2147483647;
			files = (
				5ABDACC019618ECE00AFF6C9 /* MainWindow.xib in Resources */,
				5ABDAC85196187D700AFF6C9 /* Images.xcassets in Resources */,
				5ABDAC77196187D700AFF6C9 /* InfoPlist.strings in Resources */,
				5ABDACBE19618E0C00AFF6C9 /* GrawViewController.xib in Resources */,
			);
			runOnlyForDeploymentPostprocessing = 0;
		};
		5ABDAC88196187D700AFF6C9 /* Resources */ = {
			isa = PBXResourcesBuildPhase;
			buildActionMask = 2147483647;
			files = (
				5ABDAC96196187D700AFF6C9 /* InfoPlist.strings in Resources */,
			);
			runOnlyForDeploymentPostprocessing = 0;
		};
/* End PBXResourcesBuildPhase section */

/* Begin PBXSourcesBuildPhase section */
		5ABDAC65196187D600AFF6C9 /* Sources */ = {
			isa = PBXSourcesBuildPhase;
			buildActionMask = 2147483647;
			files = (
				5ABDACB519618DAC00AFF6C9 /* CubicBezierCurve.m in Sources */,
				5ABDACB819618DAC00AFF6C9 /* QuadraticBezierCurve.m in Sources */,
				5ABDAC7D196187D700AFF6C9 /* AppDelegate.m in Sources */,
				5ABDACB919618DAC00AFF6C9 /* Spline.m in Sources */,
				5ABDACB419618DAC00AFF6C9 /* CatmullRomSpline.m in Sources */,
				5ABDACB319618DAC00AFF6C9 /* BezierCurve.m in Sources */,
				5ABDACC3196190B000AFF6C9 /* SmoothLineView.m in Sources */,
				5ABDAC79196187D700AFF6C9 /* main.m in Sources */,
				5ABDACB619618DAC00AFF6C9 /* LinearBezierCurve.m in Sources */,
				5ABDACB719618DAC00AFF6C9 /* NSArray_PointArray.m in Sources */,
				5ABDACBD19618E0C00AFF6C9 /* GrawViewController.m in Sources */,
			);
			runOnlyForDeploymentPostprocessing = 0;
		};
		5ABDAC86196187D700AFF6C9 /* Sources */ = {
			isa = PBXSourcesBuildPhase;
			buildActionMask = 2147483647;
			files = (
				5ABDAC98196187D700AFF6C9 /* OnemindTests.m in Sources */,
			);
			runOnlyForDeploymentPostprocessing = 0;
		};
/* End PBXSourcesBuildPhase section */

/* Begin PBXTargetDependency section */
		5ABDAC90196187D700AFF6C9 /* PBXTargetDependency */ = {
			isa = PBXTargetDependency;
			target = 5ABDAC68196187D600AFF6C9 /* Onemind */;
			targetProxy = 5ABDAC8F196187D700AFF6C9 /* PBXContainerItemProxy */;
		};
/* End PBXTargetDependency section */

/* Begin PBXVariantGroup section */
		5ABDAC75196187D700AFF6C9 /* InfoPlist.strings */ = {
			isa = PBXVariantGroup;
			children = (
				5ABDAC76196187D700AFF6C9 /* en */,
			);
			name = InfoPlist.strings;
			sourceTree = "<group>";
		};
		5ABDAC94196187D700AFF6C9 /* InfoPlist.strings */ = {
			isa = PBXVariantGroup;
			children = (
				5ABDAC95196187D700AFF6C9 /* en */,
			);
			name = InfoPlist.strings;
			sourceTree = "<group>";
		};
/* End PBXVariantGroup section */

/* Begin XCBuildConfiguration section */
		5ABDAC99196187D700AFF6C9 /* Debug */ = {
			isa = XCBuildConfiguration;
			buildSettings = {
				ALWAYS_SEARCH_USER_PATHS = NO;
				CLANG_CXX_LANGUAGE_STANDARD = "gnu++0x";
				CLANG_CXX_LIBRARY = "libc++";
				CLANG_ENABLE_MODULES = YES;
				CLANG_ENABLE_OBJC_ARC = YES;
				CLANG_WARN_BOOL_CONVERSION = YES;
				CLANG_WARN_CONSTANT_CONVERSION = YES;
				CLANG_WARN_DIRECT_OBJC_ISA_USAGE = YES_ERROR;
				CLANG_WARN_EMPTY_BODY = YES;
				CLANG_WARN_ENUM_CONVERSION = YES;
				CLANG_WARN_INT_CONVERSION = YES;
				CLANG_WARN_OBJC_ROOT_CLASS = YES_ERROR;
				CLANG_WARN__DUPLICATE_METHOD_MATCH = YES;
				"CODE_SIGN_IDENTITY[sdk=iphoneos*]" = "iPhone Developer";
				COPY_PHASE_STRIP = NO;
				GCC_C_LANGUAGE_STANDARD = gnu99;
				GCC_DYNAMIC_NO_PIC = NO;
				GCC_OPTIMIZATION_LEVEL = 0;
				GCC_PREPROCESSOR_DEFINITIONS = (
					"DEBUG=1",
					"$(inherited)",
				);
				GCC_SYMBOLS_PRIVATE_EXTERN = NO;
				GCC_WARN_64_TO_32_BIT_CONVERSION = YES;
				GCC_WARN_ABOUT_RETURN_TYPE = YES_ERROR;
				GCC_WARN_UNDECLARED_SELECTOR = YES;
				GCC_WARN_UNINITIALIZED_AUTOS = YES_AGGRESSIVE;
				GCC_WARN_UNUSED_FUNCTION = YES;
				GCC_WARN_UNUSED_VARIABLE = YES;
				IPHONEOS_DEPLOYMENT_TARGET = 7.1;
				ONLY_ACTIVE_ARCH = YES;
				SDKROOT = iphoneos;
			};
			name = Debug;
		};
		5ABDAC9A196187D700AFF6C9 /* Release */ = {
			isa = XCBuildConfiguration;
			buildSettings = {
				ALWAYS_SEARCH_USER_PATHS = NO;
				CLANG_CXX_LANGUAGE_STANDARD = "gnu++0x";
				CLANG_CXX_LIBRARY = "libc++";
				CLANG_ENABLE_MODULES = YES;
				CLANG_ENABLE_OBJC_ARC = YES;
				CLANG_WARN_BOOL_CONVERSION = YES;
				CLANG_WARN_CONSTANT_CONVERSION = YES;
				CLANG_WARN_DIRECT_OBJC_ISA_USAGE = YES_ERROR;
				CLANG_WARN_EMPTY_BODY = YES;
				CLANG_WARN_ENUM_CONVERSION = YES;
				CLANG_WARN_INT_CONVERSION = YES;
				CLANG_WARN_OBJC_ROOT_CLASS = YES_ERROR;
				CLANG_WARN__DUPLICATE_METHOD_MATCH = YES;
				"CODE_SIGN_IDENTITY[sdk=iphoneos*]" = "iPhone Developer";
				COPY_PHASE_STRIP = YES;
				ENABLE_NS_ASSERTIONS = NO;
				GCC_C_LANGUAGE_STANDARD = gnu99;
				GCC_WARN_64_TO_32_BIT_CONVERSION = YES;
				GCC_WARN_ABOUT_RETURN_TYPE = YES_ERROR;
				GCC_WARN_UNDECLARED_SELECTOR = YES;
				GCC_WARN_UNINITIALIZED_AUTOS = YES_AGGRESSIVE;
				GCC_WARN_UNUSED_FUNCTION = YES;
				GCC_WARN_UNUSED_VARIABLE = YES;
				IPHONEOS_DEPLOYMENT_TARGET = 7.1;
				SDKROOT = iphoneos;
				VALIDATE_PRODUCT = YES;
			};
			name = Release;
		};
		5ABDAC9C196187D700AFF6C9 /* Debug */ = {
			isa = XCBuildConfiguration;
			buildSettings = {
				ASSETCATALOG_COMPILER_APPICON_NAME = AppIcon;
				ASSETCATALOG_COMPILER_LAUNCHIMAGE_NAME = LaunchImage;
				GCC_PRECOMPILE_PREFIX_HEADER = YES;
				GCC_PREFIX_HEADER = "Onemind/Onemind-Prefix.pch";
				INFOPLIST_FILE = "Onemind/Onemind-Info.plist";
				New_Setting = "";
				PRODUCT_NAME = "$(TARGET_NAME)";
				WRAPPER_EXTENSION = app;
			};
			name = Debug;
		};
		5ABDAC9D196187D700AFF6C9 /* Release */ = {
			isa = XCBuildConfiguration;
			buildSettings = {
				ASSETCATALOG_COMPILER_APPICON_NAME = AppIcon;
				ASSETCATALOG_COMPILER_LAUNCHIMAGE_NAME = LaunchImage;
				GCC_PRECOMPILE_PREFIX_HEADER = YES;
				GCC_PREFIX_HEADER = "Onemind/Onemind-Prefix.pch";
				INFOPLIST_FILE = "Onemind/Onemind-Info.plist";
				New_Setting = "";
				PRODUCT_NAME = "$(TARGET_NAME)";
				WRAPPER_EXTENSION = app;
			};
			name = Release;
		};
		5ABDAC9F196187D700AFF6C9 /* Debug */ = {
			isa = XCBuildConfiguration;
			buildSettings = {
				BUNDLE_LOADER = "$(BUILT_PRODUCTS_DIR)/Onemind.app/Onemind";
				FRAMEWORK_SEARCH_PATHS = (
					"$(SDKROOT)/Developer/Library/Frameworks",
					"$(inherited)",
					"$(DEVELOPER_FRAMEWORKS_DIR)",
				);
				GCC_PRECOMPILE_PREFIX_HEADER = YES;
				GCC_PREFIX_HEADER = "Onemind/Onemind-Prefix.pch";
				GCC_PREPROCESSOR_DEFINITIONS = (
					"DEBUG=1",
					"$(inherited)",
				);
				INFOPLIST_FILE = "OnemindTests/OnemindTests-Info.plist";
				PRODUCT_NAME = "$(TARGET_NAME)";
				TEST_HOST = "$(BUNDLE_LOADER)";
				WRAPPER_EXTENSION = xctest;
			};
			name = Debug;
		};
		5ABDACA0196187D700AFF6C9 /* Release */ = {
			isa = XCBuildConfiguration;
			buildSettings = {
				BUNDLE_LOADER = "$(BUILT_PRODUCTS_DIR)/Onemind.app/Onemind";
				FRAMEWORK_SEARCH_PATHS = (
					"$(SDKROOT)/Developer/Library/Frameworks",
					"$(inherited)",
					"$(DEVELOPER_FRAMEWORKS_DIR)",
				);
				GCC_PRECOMPILE_PREFIX_HEADER = YES;
				GCC_PREFIX_HEADER = "Onemind/Onemind-Prefix.pch";
				INFOPLIST_FILE = "OnemindTests/OnemindTests-Info.plist";
				PRODUCT_NAME = "$(TARGET_NAME)";
				TEST_HOST = "$(BUNDLE_LOADER)";
				WRAPPER_EXTENSION = xctest;
			};
			name = Release;
		};
/* End XCBuildConfiguration section */

/* Begin XCConfigurationList section */
		5ABDAC64196187D600AFF6C9 /* Build configuration list for PBXProject "Onemind" */ = {
			isa = XCConfigurationList;
			buildConfigurations = (
				5ABDAC99196187D700AFF6C9 /* Debug */,
				5ABDAC9A196187D700AFF6C9 /* Release */,
			);
			defaultConfigurationIsVisible = 0;
			defaultConfigurationName = Release;
		};
		5ABDAC9B196187D700AFF6C9 /* Build configuration list for PBXNativeTarget "Onemind" */ = {
			isa = XCConfigurationList;
			buildConfigurations = (
				5ABDAC9C196187D700AFF6C9 /* Debug */,
				5ABDAC9D196187D700AFF6C9 /* Release */,
			);
			defaultConfigurationIsVisible = 0;
			defaultConfigurationName = Release;
		};
		5ABDAC9E196187D700AFF6C9 /* Build configuration list for PBXNativeTarget "OnemindTests" */ = {
			isa = XCConfigurationList;
			buildConfigurations = (
				5ABDAC9F196187D700AFF6C9 /* Debug */,
				5ABDACA0196187D700AFF6C9 /* Release */,
			);
			defaultConfigurationIsVisible = 0;
			defaultConfigurationName = Release;
		};
/* End XCConfigurationList section */
	};
	rootObject = 5ABDAC61196187D600AFF6C9 /* Project object */;
}
